
Microsoft Visual Studio Solution File, Format Version 12.00
# Visual Studio Version 18
VisualStudioVersion = 18.3.11218.70
MinimumVisualStudioVersion = 10.0.40219.1
Project("{FAE04EC0-301F-11D3-BF4B-00C04F79EFBC}") = "XL4Net.Shared", "XL4Net.Shared\XL4Net.Shared.csproj", "{40357D8F-046C-4297-B9D7-9F1AB032FB47}"
EndProject
Project("{FAE04EC0-301F-11D3-BF4B-00C04F79EFBC}") = "XL4Net.Client", "XL4Net.Client\XL4Net.Client.csproj", "{7F2B1708-FF9B-4FB5-82BA-22E0F2FF9DF9}"
EndProject
Project("{FAE04EC0-301F-11D3-BF4B-00C04F79EFBC}") = "XL4Net.AuthServer", "XL4Net.AuthServer\XL4Net.AuthServer.csproj", "{D75E2795-8D5E-4022-9019-8239700B6C6C}"
EndProject
Project("{FAE04EC0-301F-11D3-BF4B-00C04F79EFBC}") = "XL4Net.Server", "XL4Net.Server\XL4Net.Server.csproj", "{B1879526-4AFD-4488-A366-80C21F3884C1}"
EndProject
Project("{FAE04EC0-301F-11D3-BF4B-00C04F79EFBC}") = "ServerTest", "ServerTest\ServerTest.csproj", "{5B55952B-6AFE-48ED-95F1-2045EC78B04B}"
EndProject
Project("{FAE04EC0-301F-11D3-BF4B-00C04F79EFBC}") = "ClientTest", "ClientTest\ClientTest.csproj", "{8BB65D75-0BFF-43BF-ACE4-24F9E77AD7E2}"
EndProject
Project("{FAE04EC0-301F-11D3-BF4B-00C04F79EFBC}") = "XL4Net.GameServer", "XL4Net.GameServer\XL4Net.GameServer.csproj", "{36E1B0C2-6498-4264-B820-558466C7AB46}"
EndProject
Global
	GlobalSection(SolutionConfigurationPlatforms) = preSolution
		Debug|Any CPU = Debug|Any CPU
		Release|Any CPU = Release|Any CPU
	EndGlobalSection
	GlobalSection(ProjectConfigurationPlatforms) = postSolution
		{40357D8F-046C-4297-B9D7-9F1AB032FB47}.Debug|Any CPU.ActiveCfg = Debug|Any CPU
		{40357D8F-046C-4297-B9D7-9F1AB032FB47}.Debug|Any CPU.Build.0 = Debug|Any CPU
		{40357D8F-046C-4297-B9D7-9F1AB032FB47}.Release|Any CPU.ActiveCfg = Release|Any CPU
		{40357D8F-046C-4297-B9D7-9F1AB032FB47}.Release|Any CPU.Build.0 = Release|Any CPU
		{7F2B1708-FF9B-4FB5-82BA-22E0F2FF9DF9}.Debug|Any CPU.ActiveCfg = Debug|Any CPU
		{7F2B1708-FF9B-4FB5-82BA-22E0F2FF9DF9}.Debug|Any CPU.Build.0 = Debug|Any CPU
		{7F2B1708-FF9B-4FB5-82BA-22E0F2FF9DF9}.Release|Any CPU.ActiveCfg = Release|Any CPU
		{7F2B1708-FF9B-4FB5-82BA-22E0F2FF9DF9}.Release|Any CPU.Build.0 = Release|Any CPU
		{D75E2795-8D5E-4022-9019-8239700B6C6C}.Debug|Any CPU.ActiveCfg = Debug|Any CPU
		{D75E2795-8D5E-4022-9019-8239700B6C6C}.Debug|Any CPU.Build.0 = Debug|Any CPU
		{D75E2795-8D5E-4022-9019-8239700B6C6C}.Release|Any CPU.ActiveCfg = Release|Any CPU
		{D75E2795-8D5E-4022-9019-8239700B6C6C}.Release|Any CPU.Build.0 = Release|Any CPU
		{B1879526-4AFD-4488-A366-80C21F3884C1}.Debug|Any CPU.ActiveCfg = Debug|Any CPU
		{B1879526-4AFD-4488-A366-80C21F3884C1}.Debug|Any CPU.Build.0 = Debug|Any CPU
		{B1879526-4AFD-4488-A366-80C21F3884C1}.Release|Any CPU.ActiveCfg = Release|Any CPU
		{B1879526-4AFD-4488-A366-80C21F3884C1}.Release|Any CPU.Build.0 = Release|Any CPU
		{5B55952B-6AFE-48ED-95F1-2045EC78B04B}.Debug|Any CPU.ActiveCfg = Debug|Any CPU
		{5B55952B-6AFE-48ED-95F1-2045EC78B04B}.Debug|Any CPU.Build.0 = Debug|Any CPU
		{5B55952B-6AFE-48ED-95F1-2045EC78B04B}.Release|Any CPU.ActiveCfg = Release|Any CPU
		{5B55952B-6AFE-48ED-95F1-2045EC78B04B}.Release|Any CPU.Build.0 = Release|Any CPU
		{8BB65D75-0BFF-43BF-ACE4-24F9E77AD7E2}.Debug|Any CPU.ActiveCfg = Debug|Any CPU
		{8BB65D75-0BFF-43BF-ACE4-24F9E77AD7E2}.Debug|Any CPU.Build.0 = Debug|Any CPU
		{8BB65D75-0BFF-43BF-ACE4-24F9E77AD7E2}.Release|Any CPU.ActiveCfg = Release|Any CPU
		{8BB65D75-0BFF-43BF-ACE4-24F9E77AD7E2}.Release|Any CPU.Build.0 = Release|Any CPU
		{36E1B0C2-6498-4264-B820-558466C7AB46}.Debug|Any CPU.ActiveCfg = Debug|Any CPU
		{36E1B0C2-6498-4264-B820-558466C7AB46}.Debug|Any CPU.Build.0 = Debug|Any CPU
		{36E1B0C2-6498-4264-B820-558466C7AB46}.Release|Any CPU.ActiveCfg = Release|Any CPU
		{36E1B0C2-6498-4264-B820-558466C7AB46}.Release|Any CPU.Build.0 = Release|Any CPU
	EndGlobalSection
	GlobalSection(SolutionProperties) = preSolution
		HideSolutionNode = FALSE
	EndGlobalSection
	GlobalSection(ExtensibilityGlobals) = postSolution
		SolutionGuid = {EB435351-593C-4388-B2BF-22696B650E2A}
	EndGlobalSection
EndGlobal
